
Microsoft Visual Studio Solution File, Format Version 12.00
# Visual Studio Version 16
VisualStudioVersion = 16.0.30002.166
MinimumVisualStudioVersion = 10.0.40219.1
Project("{9A19103F-16F7-4668-BE54-9A1E7A4F7556}") = "AC2E.Server", "AC2E.Server\AC2E.Server.csproj", "{EA72B58D-F890-4BC7-A0E1-8D1F18207C59}"
EndProject
Project("{9A19103F-16F7-4668-BE54-9A1E7A4F7556}") = "AC2E.Utils", "AC2E.Utils\AC2E.Utils.csproj", "{D27CFA84-7452-4442-A767-844128B2CC32}"
EndProject
Project("{9A19103F-16F7-4668-BE54-9A1E7A4F7556}") = "AC2E.Def", "AC2E.Def\AC2E.Def.csproj", "{F7E29E8C-B0E4-4F22-9133-93A6342CF6E7}"
EndProject
Project("{9A19103F-16F7-4668-BE54-9A1E7A4F7556}") = "AC2E.PacketTool", "AC2E.PacketTool\AC2E.PacketTool.csproj", "{640E0537-67FF-4D5B-B402-AEB95847B85D}"
EndProject
Project("{9A19103F-16F7-4668-BE54-9A1E7A4F7556}") = "AC2E.UICommon", "AC2E.UICommon\AC2E.UICommon.csproj", "{BFA530A5-61E7-4B4A-822B-4AB92AFBEA47}"
EndProject
Project("{9A19103F-16F7-4668-BE54-9A1E7A4F7556}") = "AC2E.RenderCommon", "AC2E.RenderCommon\AC2E.RenderCommon.csproj", "{D5E3C720-B19E-4E3E-A533-3B659127E271}"
EndProject
Project("{9A19103F-16F7-4668-BE54-9A1E7A4F7556}") = "AC2E.Render", "AC2E.Render\AC2E.Render.csproj", "{4F9CAF8B-DA96-405E-96C4-9F81F44BEA23}"
EndProject
Project("{FAE04EC0-301F-11D3-BF4B-00C04F79EFBC}") = "AC2E.Tools", "AC2E.Tools\AC2E.Tools.csproj", "{17E88F04-2A23-4DE2-A35C-D1826F230DE0}"
EndProject
Global
	GlobalSection(SolutionConfigurationPlatforms) = preSolution
		Debug|Any CPU = Debug|Any CPU
		Release|Any CPU = Release|Any CPU
	EndGlobalSection
	GlobalSection(ProjectConfigurationPlatforms) = postSolution
		{EA72B58D-F890-4BC7-A0E1-8D1F18207C59}.Debug|Any CPU.ActiveCfg = Debug|Any CPU
		{EA72B58D-F890-4BC7-A0E1-8D1F18207C59}.Debug|Any CPU.Build.0 = Debug|Any CPU
		{EA72B58D-F890-4BC7-A0E1-8D1F18207C59}.Release|Any CPU.ActiveCfg = Release|Any CPU
		{EA72B58D-F890-4BC7-A0E1-8D1F18207C59}.Release|Any CPU.Build.0 = Release|Any CPU
		{D27CFA84-7452-4442-A767-844128B2CC32}.Debug|Any CPU.ActiveCfg = Debug|Any CPU
		{D27CFA84-7452-4442-A767-844128B2CC32}.Debug|Any CPU.Build.0 = Debug|Any CPU
		{D27CFA84-7452-4442-A767-844128B2CC32}.Release|Any CPU.ActiveCfg = Release|Any CPU
		{D27CFA84-7452-4442-A767-844128B2CC32}.Release|Any CPU.Build.0 = Release|Any CPU
		{F7E29E8C-B0E4-4F22-9133-93A6342CF6E7}.Debug|Any CPU.ActiveCfg = Debug|Any CPU
		{F7E29E8C-B0E4-4F22-9133-93A6342CF6E7}.Debug|Any CPU.Build.0 = Debug|Any CPU
		{F7E29E8C-B0E4-4F22-9133-93A6342CF6E7}.Release|Any CPU.ActiveCfg = Release|Any CPU
		{F7E29E8C-B0E4-4F22-9133-93A6342CF6E7}.Release|Any CPU.Build.0 = Release|Any CPU
		{640E0537-67FF-4D5B-B402-AEB95847B85D}.Debug|Any CPU.ActiveCfg = Debug|Any CPU
		{640E0537-67FF-4D5B-B402-AEB95847B85D}.Debug|Any CPU.Build.0 = Debug|Any CPU
		{640E0537-67FF-4D5B-B402-AEB95847B85D}.Release|Any CPU.ActiveCfg = Release|Any CPU
		{640E0537-67FF-4D5B-B402-AEB95847B85D}.Release|Any CPU.Build.0 = Release|Any CPU
		{BFA530A5-61E7-4B4A-822B-4AB92AFBEA47}.Debug|Any CPU.ActiveCfg = Debug|Any CPU
		{BFA530A5-61E7-4B4A-822B-4AB92AFBEA47}.Debug|Any CPU.Build.0 = Debug|Any CPU
		{BFA530A5-61E7-4B4A-822B-4AB92AFBEA47}.Release|Any CPU.ActiveCfg = Release|Any CPU
		{BFA530A5-61E7-4B4A-822B-4AB92AFBEA47}.Release|Any CPU.Build.0 = Release|Any CPU
		{D5E3C720-B19E-4E3E-A533-3B659127E271}.Debug|Any CPU.ActiveCfg = Debug|Any CPU
		{D5E3C720-B19E-4E3E-A533-3B659127E271}.Debug|Any CPU.Build.0 = Debug|Any CPU
		{D5E3C720-B19E-4E3E-A533-3B659127E271}.Release|Any CPU.ActiveCfg = Release|Any CPU
		{D5E3C720-B19E-4E3E-A533-3B659127E271}.Release|Any CPU.Build.0 = Release|Any CPU
		{4F9CAF8B-DA96-405E-96C4-9F81F44BEA23}.Debug|Any CPU.ActiveCfg = Debug|Any CPU
		{4F9CAF8B-DA96-405E-96C4-9F81F44BEA23}.Debug|Any CPU.Build.0 = Debug|Any CPU
		{4F9CAF8B-DA96-405E-96C4-9F81F44BEA23}.Release|Any CPU.ActiveCfg = Release|Any CPU
		{4F9CAF8B-DA96-405E-96C4-9F81F44BEA23}.Release|Any CPU.Build.0 = Release|Any CPU
		{17E88F04-2A23-4DE2-A35C-D1826F230DE0}.Debug|Any CPU.ActiveCfg = Debug|Any CPU
		{17E88F04-2A23-4DE2-A35C-D1826F230DE0}.Debug|Any CPU.Build.0 = Debug|Any CPU
		{17E88F04-2A23-4DE2-A35C-D1826F230DE0}.Release|Any CPU.ActiveCfg = Release|Any CPU
		{17E88F04-2A23-4DE2-A35C-D1826F230DE0}.Release|Any CPU.Build.0 = Release|Any CPU
	EndGlobalSection
	GlobalSection(SolutionProperties) = preSolution
		HideSolutionNode = FALSE
	EndGlobalSection
	GlobalSection(ExtensibilityGlobals) = postSolution
		SolutionGuid = {A22725A0-BC22-4F0D-8A2A-C1BECF10E9A6}
	EndGlobalSection
EndGlobal
